
Microsoft Visual Studio Solution File, Format Version 12.00
# Visual Studio Version 16
VisualStudioVersion = 16.0.33927.289
MinimumVisualStudioVersion = 10.0.40219.1
Project("{2150E333-8FDC-42A3-9474-1A3956D46DE8}") = "Task0", "Task0", "{A1555B37-B716-442F-9474-42FAB3AD3E66}"
EndProject
Project("{FAE04EC0-301F-11D3-BF4B-00C04F79EFBC}") = "Tyuiu.ElizarovKI.Sprint3.Task0.V11", "Tyuiu.ElizarovKI.Sprint3.Task0.V11\Tyuiu.ElizarovKI.Sprint3.Task0.V11.csproj", "{84977095-0451-415C-AF1B-C99E01976F70}"
EndProject
Project("{FAE04EC0-301F-11D3-BF4B-00C04F79EFBC}") = "Tyuiu.ElizarovKI.Sprint3.Task0.V11.Test", "Tyuiu.ElizarovKI.Sprint3.Task0.V11.Test\Tyuiu.ElizarovKI.Sprint3.Task0.V11.Test.csproj", "{FD64FC84-5ABE-442C-AD2B-E551D43675FA}"
EndProject
Project("{FAE04EC0-301F-11D3-BF4B-00C04F79EFBC}") = "Tyuiu.ElizarovKI.Sprint3.Task0.V11.Lib", "Tyuiu.ElizarovKI.Sprint3.Task0.V11.Lib\Tyuiu.ElizarovKI.Sprint3.Task0.V11.Lib.csproj", "{E1D10566-9D10-4913-A934-725454A9435A}"
EndProject
Project("{2150E333-8FDC-42A3-9474-1A3956D46DE8}") = "Task1", "Task1", "{1A75440F-A54D-45E2-A705-FF99DF797289}"
EndProject
Project("{FAE04EC0-301F-11D3-BF4B-00C04F79EFBC}") = "Tyuiu.ElizarovKI.Sprint3.Task1.V21", "Tyuiu.ElizarovKI.Sprint3.Task1.V21\Tyuiu.ElizarovKI.Sprint3.Task1.V21.csproj", "{39F05402-9523-4135-B92E-6B39133306B0}"
EndProject
Project("{FAE04EC0-301F-11D3-BF4B-00C04F79EFBC}") = "Tyuiu.ElizarovKI.Sprint3.Task1.V21.Lib", "Tyuiu.ElizarovKI.Sprint3.Task1.V21.Lib\Tyuiu.ElizarovKI.Sprint3.Task1.V21.Lib.csproj", "{BF685452-063C-4A90-A952-21D0E92ED8A1}"
EndProject
Project("{FAE04EC0-301F-11D3-BF4B-00C04F79EFBC}") = "Tyuiu.ElizarovKI.Sprint3.Task1.V21.Test", "Tyuiu.ElizarovKI.Sprint3.Task1.V21.Test\Tyuiu.ElizarovKI.Sprint3.Task1.V21.Test.csproj", "{FD470651-10EF-4FD9-B182-44AA392D135A}"
EndProject
Project("{2150E333-8FDC-42A3-9474-1A3956D46DE8}") = "Task2", "Task2", "{B156A2A1-5807-40C9-8F8A-55378EBFD900}"
EndProject
Project("{FAE04EC0-301F-11D3-BF4B-00C04F79EFBC}") = "Tyuiu.ElizarovKI.Sprint3.Task2.V29", "Tyuiu.ElizarovKI.Sprint3.Task2.V29\Tyuiu.ElizarovKI.Sprint3.Task2.V29.csproj", "{CEA77347-B605-48D5-BAD4-2A8ED3F6C3C1}"
EndProject
Project("{FAE04EC0-301F-11D3-BF4B-00C04F79EFBC}") = "Tyuiu.ElizarovKI.Sprint3.Task2.V29.Test", "Tyuiu.ElizarovKI.Sprint3.Task2.V29.Test\Tyuiu.ElizarovKI.Sprint3.Task2.V29.Test.csproj", "{06CAB8A1-7CF8-4CAA-BB57-FFBC9AC25871}"
EndProject
Project("{FAE04EC0-301F-11D3-BF4B-00C04F79EFBC}") = "Tyuiu.ElizarovKI.Sprint3.Task2.V29.Lib", "Tyuiu.ElizarovKI.Sprint3.Task2.V29.Lib\Tyuiu.ElizarovKI.Sprint3.Task2.V29.Lib.csproj", "{3A4FCEF5-80AB-4272-9470-50A66E75C735}"
EndProject
Project("{2150E333-8FDC-42A3-9474-1A3956D46DE8}") = "Task3", "Task3", "{6B3E2122-B9BC-4DB7-8764-CA9FEA4A00A1}"
EndProject
Project("{FAE04EC0-301F-11D3-BF4B-00C04F79EFBC}") = "Tyuiu.ElizarovKI.Sprint3.Task3.V15", "Tyuiu.ElizarovKI.Sprint3.Task3.V15\Tyuiu.ElizarovKI.Sprint3.Task3.V15.csproj", "{762299C2-3615-4854-BF77-AF669ECD6718}"
EndProject
Project("{FAE04EC0-301F-11D3-BF4B-00C04F79EFBC}") = "Tyuiu.ElizarovKI.Sprint3.Task3.V15.Lib", "Tyuiu.ElizarovKI.Sprint3.Task3.V15.Lib\Tyuiu.ElizarovKI.Sprint3.Task3.V15.Lib.csproj", "{1410FF49-932D-47B8-9240-C7938D200D8D}"
EndProject
Project("{FAE04EC0-301F-11D3-BF4B-00C04F79EFBC}") = "Tyuiu.ElizarovKI.Sprint3.Task3.V15.Test", "Tyuiu.ElizarovKI.Sprint3.Task3.V15.Test\Tyuiu.ElizarovKI.Sprint3.Task3.V15.Test.csproj", "{29A27B72-8879-4BA7-8D14-22F05FD5A939}"
EndProject
Project("{2150E333-8FDC-42A3-9474-1A3956D46DE8}") = "Task4", "Task4", "{AD8BCE29-0A63-40CF-B0D0-EBF2A029D2F4}"
EndProject
Project("{FAE04EC0-301F-11D3-BF4B-00C04F79EFBC}") = "Tyuiu.ElizarovKI.Sprint3.Task4.V28", "Tyuiu.ElizarovKI.Sprint3.Task4.V28\Tyuiu.ElizarovKI.Sprint3.Task4.V28.csproj", "{EA74F9A9-4D89-4A4C-A79B-554ABBD11AC7}"
EndProject
Project("{FAE04EC0-301F-11D3-BF4B-00C04F79EFBC}") = "Tyuiu.ElizarovKI.Sprint3.Task4.V28.Lib", "Tyuiu.ElizarovKI.Sprint3.Task4.V28.Lib\Tyuiu.ElizarovKI.Sprint3.Task4.V28.Lib.csproj", "{B239673F-C7BA-4BE6-A02C-415B9B1EFEC7}"
EndProject
Project("{FAE04EC0-301F-11D3-BF4B-00C04F79EFBC}") = "Tyuiu.ElizarovKI.Sprint3.Task4.V28.Test", "Tyuiu.ElizarovKI.Sprint3.Task4.V28.Test\Tyuiu.ElizarovKI.Sprint3.Task4.V28.Test.csproj", "{3BE62AD6-8E9C-4B10-937E-17FEE1F7A945}"
EndProject
Project("{2150E333-8FDC-42A3-9474-1A3956D46DE8}") = "Task5", "Task5", "{113990E8-983B-4C0C-8A78-C276C621BB28}"
EndProject
Project("{FAE04EC0-301F-11D3-BF4B-00C04F79EFBC}") = "Tyuiu.ElizarovKI.Sprint3.Task5.V28", "Tyuiu.ElizarovKI.Sprint3.Task5.V28\Tyuiu.ElizarovKI.Sprint3.Task5.V28.csproj", "{F5190C89-D1ED-4931-80B5-8805A4E20798}"
EndProject
Project("{FAE04EC0-301F-11D3-BF4B-00C04F79EFBC}") = "Tyuiu.ElizarovKI.Sprint3.Task5.V28.Lib", "Tyuiu.ElizarovKI.Sprint3.Task5.V28.Lib\Tyuiu.ElizarovKI.Sprint3.Task5.V28.Lib.csproj", "{FBB83212-EE6B-46C6-916D-BAC260EABD5B}"
EndProject
Project("{FAE04EC0-301F-11D3-BF4B-00C04F79EFBC}") = "Tyuiu.ElizarovKI.Sprint3.Task5.V28.Test", "Tyuiu.ElizarovKI.Sprint3.Task5.V28.Test\Tyuiu.ElizarovKI.Sprint3.Task5.V28.Test.csproj", "{9E5C9AA1-FDEA-4356-A405-FF85D27F3B75}"
EndProject
Project("{2150E333-8FDC-42A3-9474-1A3956D46DE8}") = "Task6", "Task6", "{E4A2121C-F57D-4206-AD40-407AF7D69DA3}"
EndProject
Project("{FAE04EC0-301F-11D3-BF4B-00C04F79EFBC}") = "Tyuiu.ElizarovKI.Sprint3.Task6.V8", "Tyuiu.ElizarovKI.Sprint3.Task6.V8\Tyuiu.ElizarovKI.Sprint3.Task6.V8.csproj", "{B104775C-C2D6-4D00-8900-E361AD3EC660}"
EndProject
Project("{FAE04EC0-301F-11D3-BF4B-00C04F79EFBC}") = "Tyuiu.ElizarovKI.Sprint3.Task6.V8.Test", "Tyuiu.ElizarovKI.Sprint3.Task6.V8.Test\Tyuiu.ElizarovKI.Sprint3.Task6.V8.Test.csproj", "{B86440AD-391B-49BD-99AE-5A9A37FEABCA}"
EndProject
Project("{FAE04EC0-301F-11D3-BF4B-00C04F79EFBC}") = "Tyuiu.ElizarovKI.Sprint3.Task6.V8.Lib", "Tyuiu.ElizarovKI.Sprint3.Task6.V8.Lib\Tyuiu.ElizarovKI.Sprint3.Task6.V8.Lib.csproj", "{CE08AEE2-214B-4FC3-9FAE-75BB0039C7DD}"
EndProject
Project("{2150E333-8FDC-42A3-9474-1A3956D46DE8}") = "Task7", "Task7", "{40BC32F3-AD05-4E84-9A17-4745017EE2E3}"
EndProject
Project("{FAE04EC0-301F-11D3-BF4B-00C04F79EFBC}") = "Tyuiu.ElizarovKI.Sprint3.Task7.V22", "Tyuiu.ElizarovKI.Sprint3.Task7.V22\Tyuiu.ElizarovKI.Sprint3.Task7.V22.csproj", "{6D77CDDD-DF94-47DC-83A8-7E1615EAB1FA}"
EndProject
Project("{FAE04EC0-301F-11D3-BF4B-00C04F79EFBC}") = "Tyuiu.ElizarovKI.Sprint3.Task7.V22.Lib", "Tyuiu.ElizarovKI.Sprint3.Task7.V22.Lib\Tyuiu.ElizarovKI.Sprint3.Task7.V22.Lib.csproj", "{7DC976F6-B7D4-4841-B080-5411E6156C4B}"
EndProject
Project("{FAE04EC0-301F-11D3-BF4B-00C04F79EFBC}") = "Tyuiu.ElizarovKI.Sprint3.Task7.V22.Test", "Tyuiu.ElizarovKI.Sprint3.Task7.V22.Test\Tyuiu.ElizarovKI.Sprint3.Task7.V22.Test.csproj", "{B096167F-E19C-49BA-A8D3-26A407A45395}"
EndProject
Global
	GlobalSection(SolutionConfigurationPlatforms) = preSolution
		Debug|Any CPU = Debug|Any CPU
		Release|Any CPU = Release|Any CPU
	EndGlobalSection
	GlobalSection(ProjectConfigurationPlatforms) = postSolution
		{84977095-0451-415C-AF1B-C99E01976F70}.Debug|Any CPU.ActiveCfg = Debug|Any CPU
		{84977095-0451-415C-AF1B-C99E01976F70}.Debug|Any CPU.Build.0 = Debug|Any CPU
		{84977095-0451-415C-AF1B-C99E01976F70}.Release|Any CPU.ActiveCfg = Release|Any CPU
		{84977095-0451-415C-AF1B-C99E01976F70}.Release|Any CPU.Build.0 = Release|Any CPU
		{FD64FC84-5ABE-442C-AD2B-E551D43675FA}.Debug|Any CPU.ActiveCfg = Debug|Any CPU
		{FD64FC84-5ABE-442C-AD2B-E551D43675FA}.Debug|Any CPU.Build.0 = Debug|Any CPU
		{FD64FC84-5ABE-442C-AD2B-E551D43675FA}.Release|Any CPU.ActiveCfg = Release|Any CPU
		{FD64FC84-5ABE-442C-AD2B-E551D43675FA}.Release|Any CPU.Build.0 = Release|Any CPU
		{E1D10566-9D10-4913-A934-725454A9435A}.Debug|Any CPU.ActiveCfg = Debug|Any CPU
		{E1D10566-9D10-4913-A934-725454A9435A}.Debug|Any CPU.Build.0 = Debug|Any CPU
		{E1D10566-9D10-4913-A934-725454A9435A}.Release|Any CPU.ActiveCfg = Release|Any CPU
		{E1D10566-9D10-4913-A934-725454A9435A}.Release|Any CPU.Build.0 = Release|Any CPU
		{39F05402-9523-4135-B92E-6B39133306B0}.Debug|Any CPU.ActiveCfg = Debug|Any CPU
		{39F05402-9523-4135-B92E-6B39133306B0}.Debug|Any CPU.Build.0 = Debug|Any CPU
		{39F05402-9523-4135-B92E-6B39133306B0}.Release|Any CPU.ActiveCfg = Release|Any CPU
		{39F05402-9523-4135-B92E-6B39133306B0}.Release|Any CPU.Build.0 = Release|Any CPU
		{BF685452-063C-4A90-A952-21D0E92ED8A1}.Debug|Any CPU.ActiveCfg = Debug|Any CPU
		{BF685452-063C-4A90-A952-21D0E92ED8A1}.Debug|Any CPU.Build.0 = Debug|Any CPU
		{BF685452-063C-4A90-A952-21D0E92ED8A1}.Release|Any CPU.ActiveCfg = Release|Any CPU
		{BF685452-063C-4A90-A952-21D0E92ED8A1}.Release|Any CPU.Build.0 = Release|Any CPU
		{FD470651-10EF-4FD9-B182-44AA392D135A}.Debug|Any CPU.ActiveCfg = Debug|Any CPU
		{FD470651-10EF-4FD9-B182-44AA392D135A}.Debug|Any CPU.Build.0 = Debug|Any CPU
		{FD470651-10EF-4FD9-B182-44AA392D135A}.Release|Any CPU.ActiveCfg = Release|Any CPU
		{FD470651-10EF-4FD9-B182-44AA392D135A}.Release|Any CPU.Build.0 = Release|Any CPU
		{CEA77347-B605-48D5-BAD4-2A8ED3F6C3C1}.Debug|Any CPU.ActiveCfg = Debug|Any CPU
		{CEA77347-B605-48D5-BAD4-2A8ED3F6C3C1}.Debug|Any CPU.Build.0 = Debug|Any CPU
		{CEA77347-B605-48D5-BAD4-2A8ED3F6C3C1}.Release|Any CPU.ActiveCfg = Release|Any CPU
		{CEA77347-B605-48D5-BAD4-2A8ED3F6C3C1}.Release|Any CPU.Build.0 = Release|Any CPU
		{06CAB8A1-7CF8-4CAA-BB57-FFBC9AC25871}.Debug|Any CPU.ActiveCfg = Debug|Any CPU
		{06CAB8A1-7CF8-4CAA-BB57-FFBC9AC25871}.Debug|Any CPU.Build.0 = Debug|Any CPU
		{06CAB8A1-7CF8-4CAA-BB57-FFBC9AC25871}.Release|Any CPU.ActiveCfg = Release|Any CPU
		{06CAB8A1-7CF8-4CAA-BB57-FFBC9AC25871}.Release|Any CPU.Build.0 = Release|Any CPU
		{3A4FCEF5-80AB-4272-9470-50A66E75C735}.Debug|Any CPU.ActiveCfg = Debug|Any CPU
		{3A4FCEF5-80AB-4272-9470-50A66E75C735}.Debug|Any CPU.Build.0 = Debug|Any CPU
		{3A4FCEF5-80AB-4272-9470-50A66E75C735}.Release|Any CPU.ActiveCfg = Release|Any CPU
		{3A4FCEF5-80AB-4272-9470-50A66E75C735}.Release|Any CPU.Build.0 = Release|Any CPU
		{762299C2-3615-4854-BF77-AF669ECD6718}.Debug|Any CPU.ActiveCfg = Debug|Any CPU
		{762299C2-3615-4854-BF77-AF669ECD6718}.Debug|Any CPU.Build.0 = Debug|Any CPU
		{762299C2-3615-4854-BF77-AF669ECD6718}.Release|Any CPU.ActiveCfg = Release|Any CPU
		{762299C2-3615-4854-BF77-AF669ECD6718}.Release|Any CPU.Build.0 = Release|Any CPU
		{1410FF49-932D-47B8-9240-C7938D200D8D}.Debug|Any CPU.ActiveCfg = Debug|Any CPU
		{1410FF49-932D-47B8-9240-C7938D200D8D}.Debug|Any CPU.Build.0 = Debug|Any CPU
		{1410FF49-932D-47B8-9240-C7938D200D8D}.Release|Any CPU.ActiveCfg = Release|Any CPU
		{1410FF49-932D-47B8-9240-C7938D200D8D}.Release|Any CPU.Build.0 = Release|Any CPU
		{29A27B72-8879-4BA7-8D14-22F05FD5A939}.Debug|Any CPU.ActiveCfg = Debug|Any CPU
		{29A27B72-8879-4BA7-8D14-22F05FD5A939}.Debug|Any CPU.Build.0 = Debug|Any CPU
		{29A27B72-8879-4BA7-8D14-22F05FD5A939}.Release|Any CPU.ActiveCfg = Release|Any CPU
		{29A27B72-8879-4BA7-8D14-22F05FD5A939}.Release|Any CPU.Build.0 = Release|Any CPU
		{EA74F9A9-4D89-4A4C-A79B-554ABBD11AC7}.Debug|Any CPU.ActiveCfg = Debug|Any CPU
		{EA74F9A9-4D89-4A4C-A79B-554ABBD11AC7}.Debug|Any CPU.Build.0 = Debug|Any CPU
		{EA74F9A9-4D89-4A4C-A79B-554ABBD11AC7}.Release|Any CPU.ActiveCfg = Release|Any CPU
		{EA74F9A9-4D89-4A4C-A79B-554ABBD11AC7}.Release|Any CPU.Build.0 = Release|Any CPU
		{B239673F-C7BA-4BE6-A02C-415B9B1EFEC7}.Debug|Any CPU.ActiveCfg = Debug|Any CPU
		{B239673F-C7BA-4BE6-A02C-415B9B1EFEC7}.Debug|Any CPU.Build.0 = Debug|Any CPU
		{B239673F-C7BA-4BE6-A02C-415B9B1EFEC7}.Release|Any CPU.ActiveCfg = Release|Any CPU
		{B239673F-C7BA-4BE6-A02C-415B9B1EFEC7}.Release|Any CPU.Build.0 = Release|Any CPU
		{3BE62AD6-8E9C-4B10-937E-17FEE1F7A945}.Debug|Any CPU.ActiveCfg = Debug|Any CPU
		{3BE62AD6-8E9C-4B10-937E-17FEE1F7A945}.Debug|Any CPU.Build.0 = Debug|Any CPU
		{3BE62AD6-8E9C-4B10-937E-17FEE1F7A945}.Release|Any CPU.ActiveCfg = Release|Any CPU
		{3BE62AD6-8E9C-4B10-937E-17FEE1F7A945}.Release|Any CPU.Build.0 = Release|Any CPU
		{F5190C89-D1ED-4931-80B5-8805A4E20798}.Debug|Any CPU.ActiveCfg = Debug|Any CPU
		{F5190C89-D1ED-4931-80B5-8805A4E20798}.Debug|Any CPU.Build.0 = Debug|Any CPU
		{F5190C89-D1ED-4931-80B5-8805A4E20798}.Release|Any CPU.ActiveCfg = Release|Any CPU
		{F5190C89-D1ED-4931-80B5-8805A4E20798}.Release|Any CPU.Build.0 = Release|Any CPU
		{FBB83212-EE6B-46C6-916D-BAC260EABD5B}.Debug|Any CPU.ActiveCfg = Debug|Any CPU
		{FBB83212-EE6B-46C6-916D-BAC260EABD5B}.Debug|Any CPU.Build.0 = Debug|Any CPU
		{FBB83212-EE6B-46C6-916D-BAC260EABD5B}.Release|Any CPU.ActiveCfg = Release|Any CPU
		{FBB83212-EE6B-46C6-916D-BAC260EABD5B}.Release|Any CPU.Build.0 = Release|Any CPU
		{9E5C9AA1-FDEA-4356-A405-FF85D27F3B75}.Debug|Any CPU.ActiveCfg = Debug|Any CPU
		{9E5C9AA1-FDEA-4356-A405-FF85D27F3B75}.Debug|Any CPU.Build.0 = Debug|Any CPU
		{9E5C9AA1-FDEA-4356-A405-FF85D27F3B75}.Release|Any CPU.ActiveCfg = Release|Any CPU
		{9E5C9AA1-FDEA-4356-A405-FF85D27F3B75}.Release|Any CPU.Build.0 = Release|Any CPU
		{B104775C-C2D6-4D00-8900-E361AD3EC660}.Debug|Any CPU.ActiveCfg = Debug|Any CPU
		{B104775C-C2D6-4D00-8900-E361AD3EC660}.Debug|Any CPU.Build.0 = Debug|Any CPU
		{B104775C-C2D6-4D00-8900-E361AD3EC660}.Release|Any CPU.ActiveCfg = Release|Any CPU
		{B104775C-C2D6-4D00-8900-E361AD3EC660}.Release|Any CPU.Build.0 = Release|Any CPU
		{B86440AD-391B-49BD-99AE-5A9A37FEABCA}.Debug|Any CPU.ActiveCfg = Debug|Any CPU
		{B86440AD-391B-49BD-99AE-5A9A37FEABCA}.Debug|Any CPU.Build.0 = Debug|Any CPU
		{B86440AD-391B-49BD-99AE-5A9A37FEABCA}.Release|Any CPU.ActiveCfg = Release|Any CPU
		{B86440AD-391B-49BD-99AE-5A9A37FEABCA}.Release|Any CPU.Build.0 = Release|Any CPU
		{CE08AEE2-214B-4FC3-9FAE-75BB0039C7DD}.Debug|Any CPU.ActiveCfg = Debug|Any CPU
		{CE08AEE2-214B-4FC3-9FAE-75BB0039C7DD}.Debug|Any CPU.Build.0 = Debug|Any CPU
		{CE08AEE2-214B-4FC3-9FAE-75BB0039C7DD}.Release|Any CPU.ActiveCfg = Release|Any CPU
		{CE08AEE2-214B-4FC3-9FAE-75BB0039C7DD}.Release|Any CPU.Build.0 = Release|Any CPU
		{6D77CDDD-DF94-47DC-83A8-7E1615EAB1FA}.Debug|Any CPU.ActiveCfg = Debug|Any CPU
		{6D77CDDD-DF94-47DC-83A8-7E1615EAB1FA}.Debug|Any CPU.Build.0 = Debug|Any CPU
		{6D77CDDD-DF94-47DC-83A8-7E1615EAB1FA}.Release|Any CPU.ActiveCfg = Release|Any CPU
		{6D77CDDD-DF94-47DC-83A8-7E1615EAB1FA}.Release|Any CPU.Build.0 = Release|Any CPU
		{7DC976F6-B7D4-4841-B080-5411E6156C4B}.Debug|Any CPU.ActiveCfg = Debug|Any CPU
		{7DC976F6-B7D4-4841-B080-5411E6156C4B}.Debug|Any CPU.Build.0 = Debug|Any CPU
		{7DC976F6-B7D4-4841-B080-5411E6156C4B}.Release|Any CPU.ActiveCfg = Release|Any CPU
		{7DC976F6-B7D4-4841-B080-5411E6156C4B}.Release|Any CPU.Build.0 = Release|Any CPU
		{B096167F-E19C-49BA-A8D3-26A407A45395}.Debug|Any CPU.ActiveCfg = Debug|Any CPU
		{B096167F-E19C-49BA-A8D3-26A407A45395}.Debug|Any CPU.Build.0 = Debug|Any CPU
		{B096167F-E19C-49BA-A8D3-26A407A45395}.Release|Any CPU.ActiveCfg = Release|Any CPU
		{B096167F-E19C-49BA-A8D3-26A407A45395}.Release|Any CPU.Build.0 = Release|Any CPU
	EndGlobalSection
	GlobalSection(SolutionProperties) = preSolution
		HideSolutionNode = FALSE
	EndGlobalSection
	GlobalSection(NestedProjects) = preSolution
		{84977095-0451-415C-AF1B-C99E01976F70} = {A1555B37-B716-442F-9474-42FAB3AD3E66}
		{FD64FC84-5ABE-442C-AD2B-E551D43675FA} = {A1555B37-B716-442F-9474-42FAB3AD3E66}
		{E1D10566-9D10-4913-A934-725454A9435A} = {A1555B37-B716-442F-9474-42FAB3AD3E66}
		{39F05402-9523-4135-B92E-6B39133306B0} = {1A75440F-A54D-45E2-A705-FF99DF797289}
		{BF685452-063C-4A90-A952-21D0E92ED8A1} = {1A75440F-A54D-45E2-A705-FF99DF797289}
		{FD470651-10EF-4FD9-B182-44AA392D135A} = {1A75440F-A54D-45E2-A705-FF99DF797289}
		{CEA77347-B605-48D5-BAD4-2A8ED3F6C3C1} = {B156A2A1-5807-40C9-8F8A-55378EBFD900}
		{06CAB8A1-7CF8-4CAA-BB57-FFBC9AC25871} = {B156A2A1-5807-40C9-8F8A-55378EBFD900}
		{3A4FCEF5-80AB-4272-9470-50A66E75C735} = {B156A2A1-5807-40C9-8F8A-55378EBFD900}
		{762299C2-3615-4854-BF77-AF669ECD6718} = {6B3E2122-B9BC-4DB7-8764-CA9FEA4A00A1}
		{1410FF49-932D-47B8-9240-C7938D200D8D} = {6B3E2122-B9BC-4DB7-8764-CA9FEA4A00A1}
		{29A27B72-8879-4BA7-8D14-22F05FD5A939} = {6B3E2122-B9BC-4DB7-8764-CA9FEA4A00A1}
		{EA74F9A9-4D89-4A4C-A79B-554ABBD11AC7} = {AD8BCE29-0A63-40CF-B0D0-EBF2A029D2F4}
		{B239673F-C7BA-4BE6-A02C-415B9B1EFEC7} = {AD8BCE29-0A63-40CF-B0D0-EBF2A029D2F4}
		{3BE62AD6-8E9C-4B10-937E-17FEE1F7A945} = {AD8BCE29-0A63-40CF-B0D0-EBF2A029D2F4}
		{F5190C89-D1ED-4931-80B5-8805A4E20798} = {113990E8-983B-4C0C-8A78-C276C621BB28}
		{FBB83212-EE6B-46C6-916D-BAC260EABD5B} = {113990E8-983B-4C0C-8A78-C276C621BB28}
		{9E5C9AA1-FDEA-4356-A405-FF85D27F3B75} = {113990E8-983B-4C0C-8A78-C276C621BB28}
		{B104775C-C2D6-4D00-8900-E361AD3EC660} = {E4A2121C-F57D-4206-AD40-407AF7D69DA3}
		{B86440AD-391B-49BD-99AE-5A9A37FEABCA} = {E4A2121C-F57D-4206-AD40-407AF7D69DA3}
		{CE08AEE2-214B-4FC3-9FAE-75BB0039C7DD} = {E4A2121C-F57D-4206-AD40-407AF7D69DA3}
		{6D77CDDD-DF94-47DC-83A8-7E1615EAB1FA} = {40BC32F3-AD05-4E84-9A17-4745017EE2E3}
		{7DC976F6-B7D4-4841-B080-5411E6156C4B} = {40BC32F3-AD05-4E84-9A17-4745017EE2E3}
		{B096167F-E19C-49BA-A8D3-26A407A45395} = {40BC32F3-AD05-4E84-9A17-4745017EE2E3}
	EndGlobalSection
	GlobalSection(ExtensibilityGlobals) = postSolution
		SolutionGuid = {5FD4660E-F199-48F3-A624-46BA05BEFDAA}
	EndGlobalSection
EndGlobal
